
Microsoft Visual Studio Solution File, Format Version 12.00
# Visual Studio Version 16
VisualStudioVersion = 16.0.30413.136
MinimumVisualStudioVersion = 10.0.40219.1
Project("{9A19103F-16F7-4668-BE54-9A1E7A4F7556}") = "AppWebBD", "AppWebBD.csproj", "{8CB93B0B-0F20-4085-8957-0C0CD13FF70C}"
EndProject
Global
	GlobalSection(SolutionConfigurationPlatforms) = preSolution
		Debug|Any CPU = Debug|Any CPU
		Release|Any CPU = Release|Any CPU
	EndGlobalSection
	GlobalSection(ProjectConfigurationPlatforms) = postSolution
		{8CB93B0B-0F20-4085-8957-0C0CD13FF70C}.Debug|Any CPU.ActiveCfg = Debug|Any CPU
		{8CB93B0B-0F20-4085-8957-0C0CD13FF70C}.Debug|Any CPU.Build.0 = Debug|Any CPU
		{8CB93B0B-0F20-4085-8957-0C0CD13FF70C}.Release|Any CPU.ActiveCfg = Release|Any CPU
		{8CB93B0B-0F20-4085-8957-0C0CD13FF70C}.Release|Any CPU.Build.0 = Release|Any CPU
	EndGlobalSection
	GlobalSection(SolutionProperties) = preSolution
		HideSolutionNode = FALSE
	EndGlobalSection
	GlobalSection(ExtensibilityGlobals) = postSolution
		SolutionGuid = {AB237F03-0E41-4FE0-B422-9FDED8B84F39}
	EndGlobalSection
EndGlobal
